
Microsoft Visual Studio Solution File, Format Version 12.00
# Visual Studio Version 17
VisualStudioVersion = 17.5.33516.290
MinimumVisualStudioVersion = 10.0.40219.1
Project("{2150E333-8FDC-42A3-9474-1A3956D46DE8}") = "Frontend", "Frontend", "{34337803-F9DA-4D7C-AE49-86D5CB862C35}"
EndProject
Project("{2150E333-8FDC-42A3-9474-1A3956D46DE8}") = "Gateway", "Gateway", "{321C45DA-F64B-40A6-A11E-8281361F4FEA}"
EndProject
Project("{2150E333-8FDC-42A3-9474-1A3956D46DE8}") = "Integration", "Integration", "{EDB8BF27-9B25-4BE2-8832-A9169685ABF9}"
EndProject
Project("{2150E333-8FDC-42A3-9474-1A3956D46DE8}") = "Services", "Services", "{35A45F3B-1587-46E7-A1F6-05F9C8A8A3DE}"
EndProject
Project("{9A19103F-16F7-4668-BE54-9A1E7A4F7556}") = "Mango.Services.CouponAPI", "Mango.Services.CouponAPI\Mango.Services.CouponAPI.csproj", "{2B62075C-CC40-42B4-88CB-B473F8AC2F98}"
EndProject
Project("{9A19103F-16F7-4668-BE54-9A1E7A4F7556}") = "Mango.Web", "Mango.Web\Mango.Web.csproj", "{959B5C63-AE1E-4921-87C9-72057E2A82D4}"
EndProject
Project("{9A19103F-16F7-4668-BE54-9A1E7A4F7556}") = "Mango.Services.AuthAPI", "Mango.Services.AuthAPI\Mango.Services.AuthAPI.csproj", "{D73C6924-D9B5-495E-AB51-3E8461D2514C}"
EndProject
Project("{9A19103F-16F7-4668-BE54-9A1E7A4F7556}") = "Mango.Services.ProductAPI", "Mango.Services.ProductAPI\Mango.Services.ProductAPI.csproj", "{1DD3B5D8-29E2-41DB-BD39-FB7EC3081131}"
EndProject
Project("{9A19103F-16F7-4668-BE54-9A1E7A4F7556}") = "Mango.Services.ShoppingCartAPI", "Mango.Services.ShoppingCartAPI\Mango.Services.ShoppingCartAPI.csproj", "{C2B7B57F-28AD-4F9B-A9B5-51839F0A5888}"
EndProject
Project("{9A19103F-16F7-4668-BE54-9A1E7A4F7556}") = "Mango.MessageBus", "Mango.MessageBus\Mango.MessageBus.csproj", "{DAA765BD-F941-41B9-8598-ACBB42399223}"
EndProject
Project("{9A19103F-16F7-4668-BE54-9A1E7A4F7556}") = "Mango.Services.EmailAPI", "Mango.Services.EmailAPI\Mango.Services.EmailAPI.csproj", "{D48C6070-40F4-4C99-8347-B30C53694BCA}"
EndProject
Project("{9A19103F-16F7-4668-BE54-9A1E7A4F7556}") = "Mango.Services.OrderAPI", "MangoServices.OrderAPI\Mango.Services.OrderAPI.csproj", "{07B691B7-13D3-464F-8EC6-B41DFD1FE245}"
EndProject
Project("{9A19103F-16F7-4668-BE54-9A1E7A4F7556}") = "Mango.Services.RewardAPI", "Mango.Services.RewardAPI\Mango.Services.RewardAPI.csproj", "{61E0AE1D-7B19-4770-A1C6-4D95BD4653E7}"
EndProject
Project("{FAE04EC0-301F-11D3-BF4B-00C04F79EFBC}") = "Mango.Gateway.Ocelot", "Mango.Gateway.Ocelot\Mango.Gateway.Ocelot.csproj", "{1C07B7D5-E770-4A3E-B13F-6EEE9AAE3DA2}"
EndProject
Global
	GlobalSection(SolutionConfigurationPlatforms) = preSolution
		Debug|Any CPU = Debug|Any CPU
		Release|Any CPU = Release|Any CPU
	EndGlobalSection
	GlobalSection(ProjectConfigurationPlatforms) = postSolution
		{2B62075C-CC40-42B4-88CB-B473F8AC2F98}.Debug|Any CPU.ActiveCfg = Debug|Any CPU
		{2B62075C-CC40-42B4-88CB-B473F8AC2F98}.Debug|Any CPU.Build.0 = Debug|Any CPU
		{2B62075C-CC40-42B4-88CB-B473F8AC2F98}.Release|Any CPU.ActiveCfg = Release|Any CPU
		{2B62075C-CC40-42B4-88CB-B473F8AC2F98}.Release|Any CPU.Build.0 = Release|Any CPU
		{959B5C63-AE1E-4921-87C9-72057E2A82D4}.Debug|Any CPU.ActiveCfg = Debug|Any CPU
		{959B5C63-AE1E-4921-87C9-72057E2A82D4}.Debug|Any CPU.Build.0 = Debug|Any CPU
		{959B5C63-AE1E-4921-87C9-72057E2A82D4}.Release|Any CPU.ActiveCfg = Release|Any CPU
		{959B5C63-AE1E-4921-87C9-72057E2A82D4}.Release|Any CPU.Build.0 = Release|Any CPU
		{D73C6924-D9B5-495E-AB51-3E8461D2514C}.Debug|Any CPU.ActiveCfg = Debug|Any CPU
		{D73C6924-D9B5-495E-AB51-3E8461D2514C}.Debug|Any CPU.Build.0 = Debug|Any CPU
		{D73C6924-D9B5-495E-AB51-3E8461D2514C}.Release|Any CPU.ActiveCfg = Release|Any CPU
		{D73C6924-D9B5-495E-AB51-3E8461D2514C}.Release|Any CPU.Build.0 = Release|Any CPU
		{1DD3B5D8-29E2-41DB-BD39-FB7EC3081131}.Debug|Any CPU.ActiveCfg = Debug|Any CPU
		{1DD3B5D8-29E2-41DB-BD39-FB7EC3081131}.Debug|Any CPU.Build.0 = Debug|Any CPU
		{1DD3B5D8-29E2-41DB-BD39-FB7EC3081131}.Release|Any CPU.ActiveCfg = Release|Any CPU
		{1DD3B5D8-29E2-41DB-BD39-FB7EC3081131}.Release|Any CPU.Build.0 = Release|Any CPU
		{C2B7B57F-28AD-4F9B-A9B5-51839F0A5888}.Debug|Any CPU.ActiveCfg = Debug|Any CPU
		{C2B7B57F-28AD-4F9B-A9B5-51839F0A5888}.Debug|Any CPU.Build.0 = Debug|Any CPU
		{C2B7B57F-28AD-4F9B-A9B5-51839F0A5888}.Release|Any CPU.ActiveCfg = Release|Any CPU
		{C2B7B57F-28AD-4F9B-A9B5-51839F0A5888}.Release|Any CPU.Build.0 = Release|Any CPU
		{DAA765BD-F941-41B9-8598-ACBB42399223}.Debug|Any CPU.ActiveCfg = Debug|Any CPU
		{DAA765BD-F941-41B9-8598-ACBB42399223}.Debug|Any CPU.Build.0 = Debug|Any CPU
		{DAA765BD-F941-41B9-8598-ACBB42399223}.Release|Any CPU.ActiveCfg = Release|Any CPU
		{DAA765BD-F941-41B9-8598-ACBB42399223}.Release|Any CPU.Build.0 = Release|Any CPU
		{D48C6070-40F4-4C99-8347-B30C53694BCA}.Debug|Any CPU.ActiveCfg = Debug|Any CPU
		{D48C6070-40F4-4C99-8347-B30C53694BCA}.Debug|Any CPU.Build.0 = Debug|Any CPU
		{D48C6070-40F4-4C99-8347-B30C53694BCA}.Release|Any CPU.ActiveCfg = Release|Any CPU
		{D48C6070-40F4-4C99-8347-B30C53694BCA}.Release|Any CPU.Build.0 = Release|Any CPU
		{07B691B7-13D3-464F-8EC6-B41DFD1FE245}.Debug|Any CPU.ActiveCfg = Debug|Any CPU
		{07B691B7-13D3-464F-8EC6-B41DFD1FE245}.Debug|Any CPU.Build.0 = Debug|Any CPU
		{07B691B7-13D3-464F-8EC6-B41DFD1FE245}.Release|Any CPU.ActiveCfg = Release|Any CPU
		{07B691B7-13D3-464F-8EC6-B41DFD1FE245}.Release|Any CPU.Build.0 = Release|Any CPU
		{61E0AE1D-7B19-4770-A1C6-4D95BD4653E7}.Debug|Any CPU.ActiveCfg = Debug|Any CPU
		{61E0AE1D-7B19-4770-A1C6-4D95BD4653E7}.Debug|Any CPU.Build.0 = Debug|Any CPU
		{61E0AE1D-7B19-4770-A1C6-4D95BD4653E7}.Release|Any CPU.ActiveCfg = Release|Any CPU
		{61E0AE1D-7B19-4770-A1C6-4D95BD4653E7}.Release|Any CPU.Build.0 = Release|Any CPU
		{1C07B7D5-E770-4A3E-B13F-6EEE9AAE3DA2}.Debug|Any CPU.ActiveCfg = Debug|Any CPU
		{1C07B7D5-E770-4A3E-B13F-6EEE9AAE3DA2}.Debug|Any CPU.Build.0 = Debug|Any CPU
		{1C07B7D5-E770-4A3E-B13F-6EEE9AAE3DA2}.Release|Any CPU.ActiveCfg = Release|Any CPU
		{1C07B7D5-E770-4A3E-B13F-6EEE9AAE3DA2}.Release|Any CPU.Build.0 = Release|Any CPU
	EndGlobalSection
	GlobalSection(SolutionProperties) = preSolution
		HideSolutionNode = FALSE
	EndGlobalSection
	GlobalSection(NestedProjects) = preSolution
		{2B62075C-CC40-42B4-88CB-B473F8AC2F98} = {35A45F3B-1587-46E7-A1F6-05F9C8A8A3DE}
		{959B5C63-AE1E-4921-87C9-72057E2A82D4} = {34337803-F9DA-4D7C-AE49-86D5CB862C35}
		{D73C6924-D9B5-495E-AB51-3E8461D2514C} = {35A45F3B-1587-46E7-A1F6-05F9C8A8A3DE}
		{1DD3B5D8-29E2-41DB-BD39-FB7EC3081131} = {35A45F3B-1587-46E7-A1F6-05F9C8A8A3DE}
		{C2B7B57F-28AD-4F9B-A9B5-51839F0A5888} = {35A45F3B-1587-46E7-A1F6-05F9C8A8A3DE}
		{DAA765BD-F941-41B9-8598-ACBB42399223} = {EDB8BF27-9B25-4BE2-8832-A9169685ABF9}
		{D48C6070-40F4-4C99-8347-B30C53694BCA} = {35A45F3B-1587-46E7-A1F6-05F9C8A8A3DE}
		{07B691B7-13D3-464F-8EC6-B41DFD1FE245} = {35A45F3B-1587-46E7-A1F6-05F9C8A8A3DE}
		{61E0AE1D-7B19-4770-A1C6-4D95BD4653E7} = {35A45F3B-1587-46E7-A1F6-05F9C8A8A3DE}
		{1C07B7D5-E770-4A3E-B13F-6EEE9AAE3DA2} = {321C45DA-F64B-40A6-A11E-8281361F4FEA}
	EndGlobalSection
	GlobalSection(ExtensibilityGlobals) = postSolution
		SolutionGuid = {F1ACB19B-7CA9-4022-9770-3E9858EFE839}
	EndGlobalSection
EndGlobal
