
Microsoft Visual Studio Solution File, Format Version 12.00
# Visual Studio Version 17
VisualStudioVersion = 17.5.33516.290
MinimumVisualStudioVersion = 10.0.40219.1
Project("{2150E333-8FDC-42A3-9474-1A3956D46DE8}") = "Frontend", "Frontend", "{34337803-F9DA-4D7C-AE49-86D5CB862C35}"
EndProject
Project("{2150E333-8FDC-42A3-9474-1A3956D46DE8}") = "Gateway", "Gateway", "{321C45DA-F64B-40A6-A11E-8281361F4FEA}"
EndProject
Project("{2150E333-8FDC-42A3-9474-1A3956D46DE8}") = "Integration", "Integration", "{EDB8BF27-9B25-4BE2-8832-A9169685ABF9}"
EndProject
Project("{2150E333-8FDC-42A3-9474-1A3956D46DE8}") = "Services", "Services", "{35A45F3B-1587-46E7-A1F6-05F9C8A8A3DE}"
EndProject
Project("{FAE04EC0-301F-11D3-BF4B-00C04F79EFBC}") = "Mango.Services.CouponAPI", "Mango.Services.CouponAPI\Mango.Services.CouponAPI.csproj", "{2B62075C-CC40-42B4-88CB-B473F8AC2F98}"
EndProject
Global
	GlobalSection(SolutionConfigurationPlatforms) = preSolution
		Debug|Any CPU = Debug|Any CPU
		Release|Any CPU = Release|Any CPU
	EndGlobalSection
	GlobalSection(ProjectConfigurationPlatforms) = postSolution
		{2B62075C-CC40-42B4-88CB-B473F8AC2F98}.Debug|Any CPU.ActiveCfg = Debug|Any CPU
		{2B62075C-CC40-42B4-88CB-B473F8AC2F98}.Debug|Any CPU.Build.0 = Debug|Any CPU
		{2B62075C-CC40-42B4-88CB-B473F8AC2F98}.Release|Any CPU.ActiveCfg = Release|Any CPU
		{2B62075C-CC40-42B4-88CB-B473F8AC2F98}.Release|Any CPU.Build.0 = Release|Any CPU
	EndGlobalSection
	GlobalSection(SolutionProperties) = preSolution
		HideSolutionNode = FALSE
	EndGlobalSection
	GlobalSection(NestedProjects) = preSolution
		{2B62075C-CC40-42B4-88CB-B473F8AC2F98} = {35A45F3B-1587-46E7-A1F6-05F9C8A8A3DE}
	EndGlobalSection
	GlobalSection(ExtensibilityGlobals) = postSolution
		SolutionGuid = {F1ACB19B-7CA9-4022-9770-3E9858EFE839}
	EndGlobalSection
EndGlobal
